
Microsoft Visual Studio Solution File, Format Version 12.00
# Visual Studio Version 17
VisualStudioVersion = 17.14.37216.2
MinimumVisualStudioVersion = 10.0.40219.1
Project("{2150E333-8FDC-42A3-9474-1A3956D46DE8}") = "Material", "Material", "{02EA681E-C7D8-13C7-8484-4AC65E1B71E8}"
EndProject
Project("{FAE04EC0-301F-11D3-BF4B-00C04F79EFBC}") = "OlaMundo", "OlaMundo\OlaMundo.csproj", "{5438DF44-1807-40BF-8CC3-24FDAA58A5DC}"
EndProject
Project("{FAE04EC0-301F-11D3-BF4B-00C04F79EFBC}") = "SaidaDeValoresTabuada", "SaidaDeValoresTabuada\SaidaDeValoresTabuada.csproj", "{C0E01F43-1919-4890-A841-F870AF218395}"
EndProject
Global
	GlobalSection(SolutionConfigurationPlatforms) = preSolution
		Debug|Any CPU = Debug|Any CPU
		Release|Any CPU = Release|Any CPU
	EndGlobalSection
	GlobalSection(ProjectConfigurationPlatforms) = postSolution
		{5438DF44-1807-40BF-8CC3-24FDAA58A5DC}.Debug|Any CPU.ActiveCfg = Debug|Any CPU
		{5438DF44-1807-40BF-8CC3-24FDAA58A5DC}.Debug|Any CPU.Build.0 = Debug|Any CPU
		{5438DF44-1807-40BF-8CC3-24FDAA58A5DC}.Release|Any CPU.ActiveCfg = Release|Any CPU
		{5438DF44-1807-40BF-8CC3-24FDAA58A5DC}.Release|Any CPU.Build.0 = Release|Any CPU
		{C0E01F43-1919-4890-A841-F870AF218395}.Debug|Any CPU.ActiveCfg = Debug|Any CPU
		{C0E01F43-1919-4890-A841-F870AF218395}.Debug|Any CPU.Build.0 = Debug|Any CPU
		{C0E01F43-1919-4890-A841-F870AF218395}.Release|Any CPU.ActiveCfg = Release|Any CPU
		{C0E01F43-1919-4890-A841-F870AF218395}.Release|Any CPU.Build.0 = Release|Any CPU
	EndGlobalSection
	GlobalSection(SolutionProperties) = preSolution
		HideSolutionNode = FALSE
	EndGlobalSection
	GlobalSection(NestedProjects) = preSolution
		{5438DF44-1807-40BF-8CC3-24FDAA58A5DC} = {02EA681E-C7D8-13C7-8484-4AC65E1B71E8}
		{C0E01F43-1919-4890-A841-F870AF218395} = {02EA681E-C7D8-13C7-8484-4AC65E1B71E8}
	EndGlobalSection
	GlobalSection(ExtensibilityGlobals) = postSolution
		SolutionGuid = {D09B343F-BB4B-408A-85D4-914BA4E1F332}
	EndGlobalSection
EndGlobal
